github.com/gorankvi/funtemps v0.0.0-20230217215503-9e0dd14f49dd h1:EJPGP0++c4I2KyKpBTksYkncdgPvPPMaHEdhNJKz6oc=
github.com/gorankvi/funtemps v0.0.0-20230217215503-9e0dd14f49dd/go.mod h1:ksKO83KwtMq+cFIpO39hS9M1DY4UDw+kU0AnixLUgnk=
github.com/gorankvi/is105sem03 v0.0.0-20230425084443-b7fe0095d8f7 h1:0RzkugvsedXW1xKhhlMBSIZw4oMgbM/5V15M33lJB28=
github.com/gorankvi/is105sem03 v0.0.0-20230425084443-b7fe0095d8f7/go.mod h1:IdP7/6LFemIOxv/kZi9M59D+WtOkttXVbcJdVSPoSqA=
